
Microsoft Visual Studio Solution File, Format Version 12.00
# Visual Studio Version 17
VisualStudioVersion = 17.9.34607.119
MinimumVisualStudioVersion = 10.0.40219.1
Project("{9A19103F-16F7-4668-BE54-9A1E7A4F7556}") = "Poc.AutomatedTesting.Selenium", "Poc.AutomatedTesting.Selenium.csproj", "{28C35E12-EC26-4723-9055-06D2CF78A889}"
EndProject
Project("{2150E333-8FDC-42A3-9474-1A3956D46DE8}") = "Solution Items", "Solution Items", "{087D52EE-A289-4A2F-85B1-96FD2B58B700}"
	ProjectSection(SolutionItems) = preProject
		.editorconfig = .editorconfig
	EndProjectSection
EndProject
Global
	GlobalSection(SolutionConfigurationPlatforms) = preSolution
		Debug|Any CPU = Debug|Any CPU
		Release|Any CPU = Release|Any CPU
	EndGlobalSection
	GlobalSection(ProjectConfigurationPlatforms) = postSolution
		{28C35E12-EC26-4723-9055-06D2CF78A889}.Debug|Any CPU.ActiveCfg = Debug|Any CPU
		{28C35E12-EC26-4723-9055-06D2CF78A889}.Debug|Any CPU.Build.0 = Debug|Any CPU
		{28C35E12-EC26-4723-9055-06D2CF78A889}.Release|Any CPU.ActiveCfg = Release|Any CPU
		{28C35E12-EC26-4723-9055-06D2CF78A889}.Release|Any CPU.Build.0 = Release|Any CPU
	EndGlobalSection
	GlobalSection(SolutionProperties) = preSolution
		HideSolutionNode = FALSE
	EndGlobalSection
	GlobalSection(ExtensibilityGlobals) = postSolution
		SolutionGuid = {6C0ED425-4525-4D77-8DA3-E335FA607895}
	EndGlobalSection
EndGlobal
